
Microsoft Visual Studio Solution File, Format Version 12.00
# Visual Studio Version 17
VisualStudioVersion = 17.12.35707.178 d17.12
MinimumVisualStudioVersion = 10.0.40219.1
Project("{FAE04EC0-301F-11D3-BF4B-00C04F79EFBC}") = "Resume", "Resume\Resume.csproj", "{B5BBB89D-F3F4-428E-A2C1-65AEC4470151}"
EndProject
Project("{FAE04EC0-301F-11D3-BF4B-00C04F79EFBC}") = "BusinessLayer", "BusinessLayer\BusinessLayer.csproj", "{F3B55C09-0792-43F9-A689-492BCB1423CC}"
EndProject
Project("{FAE04EC0-301F-11D3-BF4B-00C04F79EFBC}") = "DataAccessLayer", "DataAccessLayer\DataAccessLayer.csproj", "{532388AF-2AEF-45C2-979E-67FAB8A5948D}"
EndProject
Global
	GlobalSection(SolutionConfigurationPlatforms) = preSolution
		Debug|Any CPU = Debug|Any CPU
		Release|Any CPU = Release|Any CPU
	EndGlobalSection
	GlobalSection(ProjectConfigurationPlatforms) = postSolution
		{B5BBB89D-F3F4-428E-A2C1-65AEC4470151}.Debug|Any CPU.ActiveCfg = Debug|Any CPU
		{B5BBB89D-F3F4-428E-A2C1-65AEC4470151}.Debug|Any CPU.Build.0 = Debug|Any CPU
		{B5BBB89D-F3F4-428E-A2C1-65AEC4470151}.Release|Any CPU.ActiveCfg = Release|Any CPU
		{B5BBB89D-F3F4-428E-A2C1-65AEC4470151}.Release|Any CPU.Build.0 = Release|Any CPU
		{F3B55C09-0792-43F9-A689-492BCB1423CC}.Debug|Any CPU.ActiveCfg = Debug|Any CPU
		{F3B55C09-0792-43F9-A689-492BCB1423CC}.Debug|Any CPU.Build.0 = Debug|Any CPU
		{F3B55C09-0792-43F9-A689-492BCB1423CC}.Release|Any CPU.ActiveCfg = Release|Any CPU
		{F3B55C09-0792-43F9-A689-492BCB1423CC}.Release|Any CPU.Build.0 = Release|Any CPU
		{532388AF-2AEF-45C2-979E-67FAB8A5948D}.Debug|Any CPU.ActiveCfg = Debug|Any CPU
		{532388AF-2AEF-45C2-979E-67FAB8A5948D}.Debug|Any CPU.Build.0 = Debug|Any CPU
		{532388AF-2AEF-45C2-979E-67FAB8A5948D}.Release|Any CPU.ActiveCfg = Release|Any CPU
		{532388AF-2AEF-45C2-979E-67FAB8A5948D}.Release|Any CPU.Build.0 = Release|Any CPU
	EndGlobalSection
	GlobalSection(SolutionProperties) = preSolution
		HideSolutionNode = FALSE
	EndGlobalSection
EndGlobal
